
Microsoft Visual Studio Solution File, Format Version 12.00
# Visual Studio Version 17
VisualStudioVersion = 17.0.31903.59
MinimumVisualStudioVersion = 10.0.40219.1
Project("{2150E333-8FDC-42A3-9474-1A3956D46DE8}") = "src", "src", "{AE0B3057-DF6A-437F-A924-558F92B5AFB0}"
EndProject
Project("{FAE04EC0-301F-11D3-BF4B-00C04F79EFBC}") = "Plana.Core", "src\Plana.Core\Plana.Core.csproj", "{0E1D6356-2BB9-46B8-B646-1A8AA98F9980}"
EndProject
Project("{FAE04EC0-301F-11D3-BF4B-00C04F79EFBC}") = "Plana.PluginHost", "src\Plana.PluginHost\Plana.PluginHost.csproj", "{8B9A2ED3-2A13-4C39-A8CD-4C4A1C8DF20F}"
EndProject
Project("{FAE04EC0-301F-11D3-BF4B-00C04F79EFBC}") = "Plana.ExamplePlugin", "examples\Plana.ExamplePlugin\Plana.ExamplePlugin.csproj", "{D56DB3D1-BE84-4E5A-8429-A6E342E8A0CA}"
EndProject
Project("{2150E333-8FDC-42A3-9474-1A3956D46DE8}") = "tests", "tests", "{BA0547A9-9943-4335-BE31-05AF3CDBF342}"
EndProject
Project("{FAE04EC0-301F-11D3-BF4B-00C04F79EFBC}") = "Plana.Core.Tests", "tests\Plana.Core.Tests\Plana.Core.Tests.csproj", "{0D47BD5A-AA0E-44EB-A6E1-3D56A8F4890E}"
EndProject
Project("{FAE04EC0-301F-11D3-BF4B-00C04F79EFBC}") = "Plana.ControlCenter", "src\Plana.ControlCenter\Plana.ControlCenter.csproj", "{152AD70F-46AB-483E-AE96-C81CF5A3E581}"
EndProject
Project("{FAE04EC0-301F-11D3-BF4B-00C04F79EFBC}") = "Plana.Companion.Native", "src\Plana.Companion.Native\Plana.Companion.Native.csproj", "{6EA7321D-BEF3-4718-823D-3F980D2F29F1}"
EndProject
Project("{FAE04EC0-301F-11D3-BF4B-00C04F79EFBC}") = "Plana.TransientUI", "src\Plana.TransientUI\Plana.TransientUI.csproj", "{B8C052B4-3E39-4335-A93D-88357C34E117}"
EndProject
Project("{FAE04EC0-301F-11D3-BF4B-00C04F79EFBC}") = "Plana.TransientUI.Tests", "tests\Plana.TransientUI.Tests\Plana.TransientUI.Tests.csproj", "{BF184D38-55DB-498B-B820-56A560971D83}"
EndProject
Global
	GlobalSection(SolutionConfigurationPlatforms) = preSolution
		Debug|Any CPU = Debug|Any CPU
		Debug|x64 = Debug|x64
		Debug|x86 = Debug|x86
		Release|Any CPU = Release|Any CPU
		Release|x64 = Release|x64
		Release|x86 = Release|x86
	EndGlobalSection
	GlobalSection(ProjectConfigurationPlatforms) = postSolution
		{0E1D6356-2BB9-46B8-B646-1A8AA98F9980}.Debug|Any CPU.ActiveCfg = Debug|Any CPU
		{0E1D6356-2BB9-46B8-B646-1A8AA98F9980}.Debug|Any CPU.Build.0 = Debug|Any CPU
		{0E1D6356-2BB9-46B8-B646-1A8AA98F9980}.Debug|x64.ActiveCfg = Debug|Any CPU
		{0E1D6356-2BB9-46B8-B646-1A8AA98F9980}.Debug|x64.Build.0 = Debug|Any CPU
		{0E1D6356-2BB9-46B8-B646-1A8AA98F9980}.Debug|x86.ActiveCfg = Debug|Any CPU
		{0E1D6356-2BB9-46B8-B646-1A8AA98F9980}.Debug|x86.Build.0 = Debug|Any CPU
		{0E1D6356-2BB9-46B8-B646-1A8AA98F9980}.Release|Any CPU.ActiveCfg = Release|Any CPU
		{0E1D6356-2BB9-46B8-B646-1A8AA98F9980}.Release|Any CPU.Build.0 = Release|Any CPU
		{0E1D6356-2BB9-46B8-B646-1A8AA98F9980}.Release|x64.ActiveCfg = Release|Any CPU
		{0E1D6356-2BB9-46B8-B646-1A8AA98F9980}.Release|x64.Build.0 = Release|Any CPU
		{0E1D6356-2BB9-46B8-B646-1A8AA98F9980}.Release|x86.ActiveCfg = Release|Any CPU
		{0E1D6356-2BB9-46B8-B646-1A8AA98F9980}.Release|x86.Build.0 = Release|Any CPU
		{8B9A2ED3-2A13-4C39-A8CD-4C4A1C8DF20F}.Debug|Any CPU.ActiveCfg = Debug|Any CPU
		{8B9A2ED3-2A13-4C39-A8CD-4C4A1C8DF20F}.Debug|Any CPU.Build.0 = Debug|Any CPU
		{8B9A2ED3-2A13-4C39-A8CD-4C4A1C8DF20F}.Debug|x64.ActiveCfg = Debug|Any CPU
		{8B9A2ED3-2A13-4C39-A8CD-4C4A1C8DF20F}.Debug|x64.Build.0 = Debug|Any CPU
		{8B9A2ED3-2A13-4C39-A8CD-4C4A1C8DF20F}.Debug|x86.ActiveCfg = Debug|Any CPU
		{8B9A2ED3-2A13-4C39-A8CD-4C4A1C8DF20F}.Debug|x86.Build.0 = Debug|Any CPU
		{8B9A2ED3-2A13-4C39-A8CD-4C4A1C8DF20F}.Release|Any CPU.ActiveCfg = Release|Any CPU
		{8B9A2ED3-2A13-4C39-A8CD-4C4A1C8DF20F}.Release|Any CPU.Build.0 = Release|Any CPU
		{8B9A2ED3-2A13-4C39-A8CD-4C4A1C8DF20F}.Release|x64.ActiveCfg = Release|Any CPU
		{8B9A2ED3-2A13-4C39-A8CD-4C4A1C8DF20F}.Release|x64.Build.0 = Release|Any CPU
		{8B9A2ED3-2A13-4C39-A8CD-4C4A1C8DF20F}.Release|x86.ActiveCfg = Release|Any CPU
		{8B9A2ED3-2A13-4C39-A8CD-4C4A1C8DF20F}.Release|x86.Build.0 = Release|Any CPU
		{D56DB3D1-BE84-4E5A-8429-A6E342E8A0CA}.Debug|Any CPU.ActiveCfg = Debug|Any CPU
		{D56DB3D1-BE84-4E5A-8429-A6E342E8A0CA}.Debug|Any CPU.Build.0 = Debug|Any CPU
		{D56DB3D1-BE84-4E5A-8429-A6E342E8A0CA}.Debug|x64.ActiveCfg = Debug|Any CPU
		{D56DB3D1-BE84-4E5A-8429-A6E342E8A0CA}.Debug|x64.Build.0 = Debug|Any CPU
		{D56DB3D1-BE84-4E5A-8429-A6E342E8A0CA}.Debug|x86.ActiveCfg = Debug|Any CPU
		{D56DB3D1-BE84-4E5A-8429-A6E342E8A0CA}.Debug|x86.Build.0 = Debug|Any CPU
		{D56DB3D1-BE84-4E5A-8429-A6E342E8A0CA}.Release|Any CPU.ActiveCfg = Release|Any CPU
		{D56DB3D1-BE84-4E5A-8429-A6E342E8A0CA}.Release|Any CPU.Build.0 = Release|Any CPU
		{D56DB3D1-BE84-4E5A-8429-A6E342E8A0CA}.Release|x64.ActiveCfg = Release|Any CPU
		{D56DB3D1-BE84-4E5A-8429-A6E342E8A0CA}.Release|x64.Build.0 = Release|Any CPU
		{D56DB3D1-BE84-4E5A-8429-A6E342E8A0CA}.Release|x86.ActiveCfg = Release|Any CPU
		{D56DB3D1-BE84-4E5A-8429-A6E342E8A0CA}.Release|x86.Build.0 = Release|Any CPU
		{0D47BD5A-AA0E-44EB-A6E1-3D56A8F4890E}.Debug|Any CPU.ActiveCfg = Debug|Any CPU
		{0D47BD5A-AA0E-44EB-A6E1-3D56A8F4890E}.Debug|Any CPU.Build.0 = Debug|Any CPU
		{0D47BD5A-AA0E-44EB-A6E1-3D56A8F4890E}.Debug|x64.ActiveCfg = Debug|Any CPU
		{0D47BD5A-AA0E-44EB-A6E1-3D56A8F4890E}.Debug|x64.Build.0 = Debug|Any CPU
		{0D47BD5A-AA0E-44EB-A6E1-3D56A8F4890E}.Debug|x86.ActiveCfg = Debug|Any CPU
		{0D47BD5A-AA0E-44EB-A6E1-3D56A8F4890E}.Debug|x86.Build.0 = Debug|Any CPU
		{0D47BD5A-AA0E-44EB-A6E1-3D56A8F4890E}.Release|Any CPU.ActiveCfg = Release|Any CPU
		{0D47BD5A-AA0E-44EB-A6E1-3D56A8F4890E}.Release|Any CPU.Build.0 = Release|Any CPU
		{0D47BD5A-AA0E-44EB-A6E1-3D56A8F4890E}.Release|x64.ActiveCfg = Release|Any CPU
		{0D47BD5A-AA0E-44EB-A6E1-3D56A8F4890E}.Release|x64.Build.0 = Release|Any CPU
		{0D47BD5A-AA0E-44EB-A6E1-3D56A8F4890E}.Release|x86.ActiveCfg = Release|Any CPU
		{0D47BD5A-AA0E-44EB-A6E1-3D56A8F4890E}.Release|x86.Build.0 = Release|Any CPU
		{152AD70F-46AB-483E-AE96-C81CF5A3E581}.Debug|Any CPU.ActiveCfg = Debug|x64
		{152AD70F-46AB-483E-AE96-C81CF5A3E581}.Debug|Any CPU.Build.0 = Debug|x64
		{152AD70F-46AB-483E-AE96-C81CF5A3E581}.Debug|x64.ActiveCfg = Debug|x64
		{152AD70F-46AB-483E-AE96-C81CF5A3E581}.Debug|x64.Build.0 = Debug|x64
		{152AD70F-46AB-483E-AE96-C81CF5A3E581}.Debug|x86.ActiveCfg = Debug|x86
		{152AD70F-46AB-483E-AE96-C81CF5A3E581}.Debug|x86.Build.0 = Debug|x86
		{152AD70F-46AB-483E-AE96-C81CF5A3E581}.Release|Any CPU.ActiveCfg = Release|x64
		{152AD70F-46AB-483E-AE96-C81CF5A3E581}.Release|Any CPU.Build.0 = Release|x64
		{152AD70F-46AB-483E-AE96-C81CF5A3E581}.Release|x64.ActiveCfg = Release|x64
		{152AD70F-46AB-483E-AE96-C81CF5A3E581}.Release|x64.Build.0 = Release|x64
		{152AD70F-46AB-483E-AE96-C81CF5A3E581}.Release|x86.ActiveCfg = Release|x86
		{152AD70F-46AB-483E-AE96-C81CF5A3E581}.Release|x86.Build.0 = Release|x86
		{6EA7321D-BEF3-4718-823D-3F980D2F29F1}.Debug|Any CPU.ActiveCfg = Debug|x64
		{6EA7321D-BEF3-4718-823D-3F980D2F29F1}.Debug|Any CPU.Build.0 = Debug|x64
		{6EA7321D-BEF3-4718-823D-3F980D2F29F1}.Debug|x64.ActiveCfg = Debug|x64
		{6EA7321D-BEF3-4718-823D-3F980D2F29F1}.Debug|x64.Build.0 = Debug|x64
		{6EA7321D-BEF3-4718-823D-3F980D2F29F1}.Debug|x86.ActiveCfg = Debug|x64
		{6EA7321D-BEF3-4718-823D-3F980D2F29F1}.Debug|x86.Build.0 = Debug|x64
		{6EA7321D-BEF3-4718-823D-3F980D2F29F1}.Release|Any CPU.ActiveCfg = Release|x64
		{6EA7321D-BEF3-4718-823D-3F980D2F29F1}.Release|Any CPU.Build.0 = Release|x64
		{6EA7321D-BEF3-4718-823D-3F980D2F29F1}.Release|x64.ActiveCfg = Release|x64
		{6EA7321D-BEF3-4718-823D-3F980D2F29F1}.Release|x64.Build.0 = Release|x64
		{6EA7321D-BEF3-4718-823D-3F980D2F29F1}.Release|x86.ActiveCfg = Release|x64
		{6EA7321D-BEF3-4718-823D-3F980D2F29F1}.Release|x86.Build.0 = Release|x64
		{B8C052B4-3E39-4335-A93D-88357C34E117}.Debug|Any CPU.ActiveCfg = Debug|Any CPU
		{B8C052B4-3E39-4335-A93D-88357C34E117}.Debug|Any CPU.Build.0 = Debug|Any CPU
		{B8C052B4-3E39-4335-A93D-88357C34E117}.Debug|x64.ActiveCfg = Debug|Any CPU
		{B8C052B4-3E39-4335-A93D-88357C34E117}.Debug|x64.Build.0 = Debug|Any CPU
		{B8C052B4-3E39-4335-A93D-88357C34E117}.Debug|x86.ActiveCfg = Debug|Any CPU
		{B8C052B4-3E39-4335-A93D-88357C34E117}.Debug|x86.Build.0 = Debug|Any CPU
		{B8C052B4-3E39-4335-A93D-88357C34E117}.Release|Any CPU.ActiveCfg = Release|Any CPU
		{B8C052B4-3E39-4335-A93D-88357C34E117}.Release|Any CPU.Build.0 = Release|Any CPU
		{B8C052B4-3E39-4335-A93D-88357C34E117}.Release|x64.ActiveCfg = Release|Any CPU
		{B8C052B4-3E39-4335-A93D-88357C34E117}.Release|x64.Build.0 = Release|Any CPU
		{B8C052B4-3E39-4335-A93D-88357C34E117}.Release|x86.ActiveCfg = Release|Any CPU
		{B8C052B4-3E39-4335-A93D-88357C34E117}.Release|x86.Build.0 = Release|Any CPU
		{BF184D38-55DB-498B-B820-56A560971D83}.Debug|Any CPU.ActiveCfg = Debug|Any CPU
		{BF184D38-55DB-498B-B820-56A560971D83}.Debug|Any CPU.Build.0 = Debug|Any CPU
		{BF184D38-55DB-498B-B820-56A560971D83}.Debug|x64.ActiveCfg = Debug|Any CPU
		{BF184D38-55DB-498B-B820-56A560971D83}.Debug|x64.Build.0 = Debug|Any CPU
		{BF184D38-55DB-498B-B820-56A560971D83}.Debug|x86.ActiveCfg = Debug|Any CPU
		{BF184D38-55DB-498B-B820-56A560971D83}.Debug|x86.Build.0 = Debug|Any CPU
		{BF184D38-55DB-498B-B820-56A560971D83}.Release|Any CPU.ActiveCfg = Release|Any CPU
		{BF184D38-55DB-498B-B820-56A560971D83}.Release|Any CPU.Build.0 = Release|Any CPU
		{BF184D38-55DB-498B-B820-56A560971D83}.Release|x64.ActiveCfg = Release|Any CPU
		{BF184D38-55DB-498B-B820-56A560971D83}.Release|x64.Build.0 = Release|Any CPU
		{BF184D38-55DB-498B-B820-56A560971D83}.Release|x86.ActiveCfg = Release|Any CPU
		{BF184D38-55DB-498B-B820-56A560971D83}.Release|x86.Build.0 = Release|Any CPU
	EndGlobalSection
	GlobalSection(SolutionProperties) = preSolution
		HideSolutionNode = FALSE
	EndGlobalSection
	GlobalSection(NestedProjects) = preSolution
		{0E1D6356-2BB9-46B8-B646-1A8AA98F9980} = {AE0B3057-DF6A-437F-A924-558F92B5AFB0}
		{8B9A2ED3-2A13-4C39-A8CD-4C4A1C8DF20F} = {AE0B3057-DF6A-437F-A924-558F92B5AFB0}
		{0D47BD5A-AA0E-44EB-A6E1-3D56A8F4890E} = {BA0547A9-9943-4335-BE31-05AF3CDBF342}
		{152AD70F-46AB-483E-AE96-C81CF5A3E581} = {AE0B3057-DF6A-437F-A924-558F92B5AFB0}
		{6EA7321D-BEF3-4718-823D-3F980D2F29F1} = {AE0B3057-DF6A-437F-A924-558F92B5AFB0}
		{B8C052B4-3E39-4335-A93D-88357C34E117} = {AE0B3057-DF6A-437F-A924-558F92B5AFB0}
		{BF184D38-55DB-498B-B820-56A560971D83} = {BA0547A9-9943-4335-BE31-05AF3CDBF342}
	EndGlobalSection
EndGlobal
